// !$*UTF8*$!
{
	archiveVersion = 1;
	classes = {
	};
	objectVersion = 48;
	objects = {

/* Begin PBXBuildFile section */
		3A6E79092105024B001016D0 /* AppDelegate.swift in Sources */ = {isa = PBXBuildFile; fileRef = 3A6E79082105024B001016D0 /* AppDelegate.swift */; };
		3A6E790B2105024B001016D0 /* ViewController.swift in Sources */ = {isa = PBXBuildFile; fileRef = 3A6E790A2105024B001016D0 /* ViewController.swift */; };
		3A6E790E2105024B001016D0 /* Main.storyboard in Resources */ = {isa = PBXBuildFile; fileRef = 3A6E790C2105024B001016D0 /* Main.storyboard */; };
		3A6E79112105024B001016D0 /* Alamofire_Example.xcdatamodeld in Sources */ = {isa = PBXBuildFile; fileRef = 3A6E790F2105024B001016D0 /* Alamofire_Example.xcdatamodeld */; };
		3A6E79132105024B001016D0 /* Assets.xcassets in Resources */ = {isa = PBXBuildFile; fileRef = 3A6E79122105024B001016D0 /* Assets.xcassets */; };
		3A6E79162105024B001016D0 /* LaunchScreen.storyboard in Resources */ = {isa = PBXBuildFile; fileRef = 3A6E79142105024B001016D0 /* LaunchScreen.storyboard */; };
		3A6E791E21050522001016D0 /* Podfile in Resources */ = {isa = PBXBuildFile; fileRef = 3A6E791D21050522001016D0 /* Podfile */; };
		C6573FD1FCABECB42FAE4A14 /* Pods_Alamofire_Example.framework in Frameworks */ = {isa = PBXBuildFile; fileRef = 08A6518E3FFFDFC9E745E9C5 /* Pods_Alamofire_Example.framework */; };
/* End PBXBuildFile section */

/* Begin PBXFileReference section */
		08A6518E3FFFDFC9E745E9C5 /* Pods_Alamofire_Example.framework */ = {isa = PBXFileReference; explicitFileType = wrapper.framework; includeInIndex = 0; path = Pods_Alamofire_Example.framework; sourceTree = BUILT_PRODUCTS_DIR; };
		3A6E79052105024B001016D0 /* Alamofire Example.app */ = {isa = PBXFileReference; explicitFileType = wrapper.application; includeInIndex = 0; path = "Alamofire Example.app"; sourceTree = BUILT_PRODUCTS_DIR; };
		3A6E79082105024B001016D0 /* AppDelegate.swift */ = {isa = PBXFileReference; lastKnownFileType = sourcecode.swift; path = AppDelegate.swift; sourceTree = "<group>"; };
		3A6E790A2105024B001016D0 /* ViewController.swift */ = {isa = PBXFileReference; lastKnownFileType = sourcecode.swift; path = ViewController.swift; sourceTree = "<group>"; };
		3A6E790D2105024B001016D0 /* Base */ = {isa = PBXFileReference; lastKnownFileType = file.storyboard; name = Base; path = Base.lproj/Main.storyboard; sourceTree = "<group>"; };
		3A6E79102105024B001016D0 /* Alamofire_Example.xcdatamodel */ = {isa = PBXFileReference; lastKnownFileType = wrapper.xcdatamodel; path = Alamofire_Example.xcdatamodel; sourceTree = "<group>"; };
		3A6E79122105024B001016D0 /* Assets.xcassets */ = {isa = PBXFileReference; lastKnownFileType = folder.assetcatalog; path = Assets.xcassets; sourceTree = "<group>"; };
		3A6E79152105024B001016D0 /* Base */ = {isa = PBXFileReference; lastKnownFileType = file.storyboard; name = Base; path = Base.lproj/LaunchScreen.storyboard; sourceTree = "<group>"; };
		3A6E79172105024B001016D0 /* Info.plist */ = {isa = PBXFileReference; lastKnownFileType = text.plist.xml; path = Info.plist; sourceTree = "<group>"; };
		3A6E791D21050522001016D0 /* Podfile */ = {isa = PBXFileReference; lastKnownFileType = text; path = Podfile; sourceTree = "<group>"; xcLanguageSpecificationIdentifier = xcode.lang.ruby; };
		D3A93C6F6BCB86E5C50A0DCC /* Pods-Alamofire Example.debug.xcconfig */ = {isa = PBXFileReference; includeInIndex = 1; lastKnownFileType = text.xcconfig; name = "Pods-Alamofire Example.debug.xcconfig"; path = "Pods/Target Support Files/Pods-Alamofire Example/Pods-Alamofire Example.debug.xcconfig"; sourceTree = "<group>"; };
		EE97ABD62670A5BEBD2BCB84 /* Pods-Alamofire Example.release.xcconfig */ = {isa = PBXFileReference; includeInIndex = 1; lastKnownFileType = text.xcconfig; name = "Pods-Alamofire Example.release.xcconfig"; path = "Pods/Target Support Files/Pods-Alamofire Example/Pods-Alamofire Example.release.xcconfig"; sourceTree = "<group>"; };
/* End PBXFileReference section */

/* Begin PBXFrameworksBuildPhase section */
		3A6E79022105024B001016D0 /* Frameworks */ = {
			isa = PBXFrameworksBuildPhase;
			buildActionMask = 2147483647;
			files = (
				C6573FD1FCABECB42FAE4A14 /* Pods_Alamofire_Example.framework in Frameworks */,
			);
			runOnlyForDeploymentPostprocessing = 0;
		};
/* End PBXFrameworksBuildPhase section */

/* Begin PBXGroup section */
		3A6E78FC2105024B001016D0 = {
			isa = PBXGroup;
			children = (
				3A6E791D21050522001016D0 /* Podfile */,
				3A6E79072105024B001016D0 /* Alamofire Example */,
				3A6E79062105024B001016D0 /* Products */,
				987EF1F98CDFC1CB238C0617 /* Pods */,
				5C51BB25916534509DA14E16 /* Frameworks */,
			);
			sourceTree = "<group>";
		};
		3A6E79062105024B001016D0 /* Products */ = {
			isa = PBXGroup;
			children = (
				3A6E79052105024B001016D0 /* Alamofire Example.app */,
			);
			name = Products;
			sourceTree = "<group>";
		};
		3A6E79072105024B001016D0 /* Alamofire Example */ = {
			isa = PBXGroup;
			children = (
				3A6E79082105024B001016D0 /* AppDelegate.swift */,
				3A6E790A2105024B001016D0 /* ViewController.swift */,
				3A6E790C2105024B001016D0 /* Main.storyboard */,
				3A6E79122105024B001016D0 /* Assets.xcassets */,
				3A6E79142105024B001016D0 /* LaunchScreen.storyboard */,
				3A6E79172105024B001016D0 /* Info.plist */,
				3A6E790F2105024B001016D0 /* Alamofire_Example.xcdatamodeld */,
			);
			path = "Alamofire Example";
			sourceTree = "<group>";
		};
		5C51BB25916534509DA14E16 /* Frameworks */ = {
			isa = PBXGroup;
			children = (
				08A6518E3FFFDFC9E745E9C5 /* Pods_Alamofire_Example.framework */,
			);
			name = Frameworks;
			sourceTree = "<group>";
		};
		987EF1F98CDFC1CB238C0617 /* Pods */ = {
			isa = PBXGroup;
			children = (
				D3A93C6F6BCB86E5C50A0DCC /* Pods-Alamofire Example.debug.xcconfig */,
				EE97ABD62670A5BEBD2BCB84 /* Pods-Alamofire Example.release.xcconfig */,
			);
			name = Pods;
			sourceTree = "<group>";
		};
/* End PBXGroup section */

/* Begin PBXNativeTarget section */
		3A6E79042105024B001016D0 /* Alamofire Example */ = {
			isa = PBXNativeTarget;
			buildConfigurationList = 3A6E791A2105024B001016D0 /* Build configuration list for PBXNativeTarget "Alamofire Example" */;
			buildPhases = (
				038A7005AFE52564848E38D2 /* [CP] Check Pods Manifest.lock */,
				3A6E79012105024B001016D0 /* Sources */,
				3A6E79022105024B001016D0 /* Frameworks */,
				3A6E79032105024B001016D0 /* Resources */,
				F66C7B4447173CED8E7C1543 /* [CP] Embed Pods Frameworks */,
			);
			buildRules = (
			);
			dependencies = (
			);
			name = "Alamofire Example";
			productName = "Alamofire Example";
			productReference = 3A6E79052105024B001016D0 /* Alamofire Example.app */;
			productType = "com.apple.product-type.application";
		};
/* End PBXNativeTarget section */

/* Begin PBXProject section */
		3A6E78FD2105024B001016D0 /* Project object */ = {
			isa = PBXProject;
			attributes = {
				LastSwiftUpdateCheck = 0920;
				LastUpgradeCheck = 0920;
				ORGANIZATIONNAME = velkonost;
				TargetAttributes = {
					3A6E79042105024B001016D0 = {
						CreatedOnToolsVersion = 9.2;
						ProvisioningStyle = Automatic;
					};
				};
			};
			buildConfigurationList = 3A6E79002105024B001016D0 /* Build configuration list for PBXProject "Alamofire Example" */;
			compatibilityVersion = "Xcode 8.0";
			developmentRegion = en;
			hasScannedForEncodings = 0;
			knownRegions = (
				en,
				Base,
			);
			mainGroup = 3A6E78FC2105024B001016D0;
			productRefGroup = 3A6E79062105024B001016D0 /* Products */;
			projectDirPath = "";
			projectRoot = "";
			targets = (
				3A6E79042105024B001016D0 /* Alamofire Example */,
			);
		};
/* End PBXProject section */

/* Begin PBXResourcesBuildPhase section */
		3A6E79032105024B001016D0 /* Resources */ = {
			isa = PBXResourcesBuildPhase;
			buildActionMask = 2147483647;
			files = (
				3A6E79162105024B001016D0 /* LaunchScreen.storyboard in Resources */,
				3A6E79132105024B001016D0 /* Assets.xcassets in Resources */,
				3A6E791E21050522001016D0 /* Podfile in Resources */,
				3A6E790E2105024B001016D0 /* Main.storyboard in Resources */,
			);
			runOnlyForDeploymentPostprocessing = 0;
		};
/* End PBXResourcesBuildPhase section */

/* Begin PBXShellScriptBuildPhase section */
		038A7005AFE52564848E38D2 /* [CP] Check Pods Manifest.lock */ = {
			isa = PBXShellScriptBuildPhase;
			buildActionMask = 2147483647;
			files = (
			);
			inputPaths = (
				"${PODS_PODFILE_DIR_PATH}/Podfile.lock",
				"${PODS_ROOT}/Manifest.lock",
			);
			name = "[CP] Check Pods Manifest.lock";
			outputPaths = (
				"$(DERIVED_FILE_DIR)/Pods-Alamofire Example-checkManifestLockResult.txt",
			);
			runOnlyForDeploymentPostprocessing = 0;
			shellPath = /bin/sh;
			shellScript = "diff \"${PODS_PODFILE_DIR_PATH}/Podfile.lock\" \"${PODS_ROOT}/Manifest.lock\" > /dev/null\nif [ $? != 0 ] ; then\n    # print error to STDERR\n    echo \"error: The sandbox is not in sync with the Podfile.lock. Run 'pod install' or update your CocoaPods installation.\" >&2\n    exit 1\nfi\n# This output is used by Xcode 'outputs' to avoid re-running this script phase.\necho \"SUCCESS\" > \"${SCRIPT_OUTPUT_FILE_0}\"\n";
			showEnvVarsInLog = 0;
		};
		F66C7B4447173CED8E7C1543 /* [CP] Embed Pods Frameworks */ = {
			isa = PBXShellScriptBuildPhase;
			buildActionMask = 2147483647;
			files = (
			);
			inputPaths = (
				"${SRCROOT}/Pods/Target Support Files/Pods-Alamofire Example/Pods-Alamofire Example-frameworks.sh",
				"${BUILT_PRODUCTS_DIR}/Alamofire/Alamofire.framework",
			);
			name = "[CP] Embed Pods Frameworks";
			outputPaths = (
				"${TARGET_BUILD_DIR}/${FRAMEWORKS_FOLDER_PATH}/Alamofire.framework",
			);
			runOnlyForDeploymentPostprocessing = 0;
			shellPath = /bin/sh;
			shellScript = "\"${SRCROOT}/Pods/Target Support Files/Pods-Alamofire Example/Pods-Alamofire Example-frameworks.sh\"\n";
			showEnvVarsInLog = 0;
		};
/* End PBXShellScriptBuildPhase section */

/* Begin PBXSourcesBuildPhase section */
		3A6E79012105024B001016D0 /* Sources */ = {
			isa = PBXSourcesBuildPhase;
			buildActionMask = 2147483647;
			files = (
				3A6E790B2105024B001016D0 /* ViewController.swift in Sources */,
				3A6E79092105024B001016D0 /* AppDelegate.swift in Sources */,
				3A6E79112105024B001016D0 /* Alamofire_Example.xcdatamodeld in Sources */,
			);
			runOnlyForDeploymentPostprocessing = 0;
		};
/* End PBXSourcesBuildPhase section */

/* Begin PBXVariantGroup section */
		3A6E790C2105024B001016D0 /* Main.storyboard */ = {
			isa = PBXVariantGroup;
			children = (
				3A6E790D2105024B001016D0 /* Base */,
			);
			name = Main.storyboard;
			sourceTree = "<group>";
		};
		3A6E79142105024B001016D0 /* LaunchScreen.storyboard */ = {
			isa = PBXVariantGroup;
			children = (
				3A6E79152105024B001016D0 /* Base */,
			);
			name = LaunchScreen.storyboard;
			sourceTree = "<group>";
		};
/* End PBXVariantGroup section */

/* Begin XCBuildConfiguration section */
		3A6E79182105024B001016D0 /* Debug */ = {
			isa = XCBuildConfiguration;
			buildSettings = {
				ALWAYS_SEARCH_USER_PATHS = NO;
				CLANG_ANALYZER_NONNULL = YES;
				CLANG_ANALYZER_NUMBER_OBJECT_CONVERSION = YES_AGGRESSIVE;
				CLANG_CXX_LANGUAGE_STANDARD = "gnu++14";
				CLANG_CXX_LIBRARY = "libc++";
				CLANG_ENABLE_MODULES = YES;
				CLANG_ENABLE_OBJC_ARC = YES;
				CLANG_WARN_BLOCK_CAPTURE_AUTORELEASING = YES;
				CLANG_WARN_BOOL_CONVERSION = YES;
				CLANG_WARN_COMMA = YES;
				CLANG_WARN_CONSTANT_CONVERSION = YES;
				CLANG_WARN_DIRECT_OBJC_ISA_USAGE = YES_ERROR;
				CLANG_WARN_DOCUMENTATION_COMMENTS = YES;
				CLANG_WARN_EMPTY_BODY = YES;
				CLANG_WARN_ENUM_CONVERSION = YES;
				CLANG_WARN_INFINITE_RECURSION = YES;
				CLANG_WARN_INT_CONVERSION = YES;
				CLANG_WARN_NON_LITERAL_NULL_CONVERSION = YES;
				CLANG_WARN_OBJC_LITERAL_CONVERSION = YES;
				CLANG_WARN_OBJC_ROOT_CLASS = YES_ERROR;
				CLANG_WARN_RANGE_LOOP_ANALYSIS = YES;
				CLANG_WARN_STRICT_PROTOTYPES = YES;
				CLANG_WARN_SUSPICIOUS_MOVE = YES;
				CLANG_WARN_UNGUARDED_AVAILABILITY = YES_AGGRESSIVE;
				CLANG_WARN_UNREACHABLE_CODE = YES;
				CLANG_WARN__DUPLICATE_METHOD_MATCH = YES;
				CODE_SIGN_IDENTITY = "iPhone Developer";
				COPY_PHASE_STRIP = NO;
				DEBUG_INFORMATION_FORMAT = dwarf;
				ENABLE_STRICT_OBJC_MSGSEND = YES;
				ENABLE_TESTABILITY = YES;
				GCC_C_LANGUAGE_STANDARD = gnu11;
				GCC_DYNAMIC_NO_PIC = NO;
				GCC_NO_COMMON_BLOCKS = YES;
				GCC_OPTIMIZATION_LEVEL = 0;
				GCC_PREPROCESSOR_DEFINITIONS = (
					"DEBUG=1",
					"$(inherited)",
				);
				GCC_WARN_64_TO_32_BIT_CONVERSION = YES;
				GCC_WARN_ABOUT_RETURN_TYPE = YES_ERROR;
				GCC_WARN_UNDECLARED_SELECTOR = YES;
				GCC_WARN_UNINITIALIZED_AUTOS = YES_AGGRESSIVE;
				GCC_WARN_UNUSED_FUNCTION = YES;
				GCC_WARN_UNUSED_VARIABLE = YES;
				IPHONEOS_DEPLOYMENT_TARGET = 11.2;
				MTL_ENABLE_DEBUG_INFO = YES;
				ONLY_ACTIVE_ARCH = YES;
				SDKROOT = iphoneos;
				SWIFT_ACTIVE_COMPILATION_CONDITIONS = DEBUG;
				SWIFT_OPTIMIZATION_LEVEL = "-Onone";
			};
			name = Debug;
		};
		3A6E79192105024B001016D0 /* Release */ = {
			isa = XCBuildConfiguration;
			buildSettings = {
				ALWAYS_SEARCH_USER_PATHS = NO;
				CLANG_ANALYZER_NONNULL = YES;
				CLANG_ANALYZER_NUMBER_OBJECT_CONVERSION = YES_AGGRESSIVE;
				CLANG_CXX_LANGUAGE_STANDARD = "gnu++14";
				CLANG_CXX_LIBRARY = "libc++";
				CLANG_ENABLE_MODULES = YES;
				CLANG_ENABLE_OBJC_ARC = YES;
				CLANG_WARN_BLOCK_CAPTURE_AUTORELEASING = YES;
				CLANG_WARN_BOOL_CONVERSION = YES;
				CLANG_WARN_COMMA = YES;
				CLANG_WARN_CONSTANT_CONVERSION = YES;
				CLANG_WARN_DIRECT_OBJC_ISA_USAGE = YES_ERROR;
				CLANG_WARN_DOCUMENTATION_COMMENTS = YES;
				CLANG_WARN_EMPTY_BODY = YES;
				CLANG_WARN_ENUM_CONVERSION = YES;
				CLANG_WARN_INFINITE_RECURSION = YES;
				CLANG_WARN_INT_CONVERSION = YES;
				CLANG_WARN_NON_LITERAL_NULL_CONVERSION = YES;
				CLANG_WARN_OBJC_LITERAL_CONVERSION = YES;
				CLANG_WARN_OBJC_ROOT_CLASS = YES_ERROR;
				CLANG_WARN_RANGE_LOOP_ANALYSIS = YES;
				CLANG_WARN_STRICT_PROTOTYPES = YES;
				CLANG_WARN_SUSPICIOUS_MOVE = YES;
				CLANG_WARN_UNGUARDED_AVAILABILITY = YES_AGGRESSIVE;
				CLANG_WARN_UNREACHABLE_CODE = YES;
				CLANG_WARN__DUPLICATE_METHOD_MATCH = YES;
				CODE_SIGN_IDENTITY = "iPhone Developer";
				COPY_PHASE_STRIP = NO;
				DEBUG_INFORMATION_FORMAT = "dwarf-with-dsym";
				ENABLE_NS_ASSERTIONS = NO;
				ENABLE_STRICT_OBJC_MSGSEND = YES;
				GCC_C_LANGUAGE_STANDARD = gnu11;
				GCC_NO_COMMON_BLOCKS = YES;
				GCC_WARN_64_TO_32_BIT_CONVERSION = YES;
				GCC_WARN_ABOUT_RETURN_TYPE = YES_ERROR;
				GCC_WARN_UNDECLARED_SELECTOR = YES;
				GCC_WARN_UNINITIALIZED_AUTOS = YES_AGGRESSIVE;
				GCC_WARN_UNUSED_FUNCTION = YES;
				GCC_WARN_UNUSED_VARIABLE = YES;
				IPHONEOS_DEPLOYMENT_TARGET = 11.2;
				MTL_ENABLE_DEBUG_INFO = NO;
				SDKROOT = iphoneos;
				SWIFT_OPTIMIZATION_LEVEL = "-Owholemodule";
				VALIDATE_PRODUCT = YES;
			};
			name = Release;
		};
		3A6E791B2105024B001016D0 /* Debug */ = {
			isa = XCBuildConfiguration;
			baseConfigurationReference = D3A93C6F6BCB86E5C50A0DCC /* Pods-Alamofire Example.debug.xcconfig */;
			buildSettings = {
				ASSETCATALOG_COMPILER_APPICON_NAME = AppIcon;
				CODE_SIGN_STYLE = Automatic;
				DEVELOPMENT_TEAM = 2Y83RX392R;
				INFOPLIST_FILE = "Alamofire Example/Info.plist";
				LD_RUNPATH_SEARCH_PATHS = "$(inherited) @executable_path/Frameworks";
				PRODUCT_BUNDLE_IDENTIFIER = "ru.velkonost.Alamofire-Example";
				PRODUCT_NAME = "$(TARGET_NAME)";
				SWIFT_VERSION = 4.0;
				TARGETED_DEVICE_FAMILY = "1,2";
			};
			name = Debug;
		};
		3A6E791C2105024B001016D0 /* Release */ = {
			isa = XCBuildConfiguration;
			baseConfigurationReference = EE97ABD62670A5BEBD2BCB84 /* Pods-Alamofire Example.release.xcconfig */;
			buildSettings = {
				ASSETCATALOG_COMPILER_APPICON_NAME = AppIcon;
				CODE_SIGN_STYLE = Automatic;
				DEVELOPMENT_TEAM = 2Y83RX392R;
				INFOPLIST_FILE = "Alamofire Example/Info.plist";
				LD_RUNPATH_SEARCH_PATHS = "$(inherited) @executable_path/Frameworks";
				PRODUCT_BUNDLE_IDENTIFIER = "ru.velkonost.Alamofire-Example";
				PRODUCT_NAME = "$(TARGET_NAME)";
				SWIFT_VERSION = 4.0;
				TARGETED_DEVICE_FAMILY = "1,2";
			};
			name = Release;
		};
/* End XCBuildConfiguration section */

/* Begin XCConfigurationList section */
		3A6E79002105024B001016D0 /* Build configuration list for PBXProject "Alamofire Example" */ = {
			isa = XCConfigurationList;
			buildConfigurations = (
				3A6E79182105024B001016D0 /* Debug */,
				3A6E79192105024B001016D0 /* Release */,
			);
			defaultConfigurationIsVisible = 0;
			defaultConfigurationName = Release;
		};
		3A6E791A2105024B001016D0 /* Build configuration list for PBXNativeTarget "Alamofire Example" */ = {
			isa = XCConfigurationList;
			buildConfigurations = (
				3A6E791B2105024B001016D0 /* Debug */,
				3A6E791C2105024B001016D0 /* Release */,
			);
			defaultConfigurationIsVisible = 0;
			defaultConfigurationName = Release;
		};
/* End XCConfigurationList section */

/* Begin XCVersionGroup section */
		3A6E790F2105024B001016D0 /* Alamofire_Example.xcdatamodeld */ = {
			isa = XCVersionGroup;
			children = (
				3A6E79102105024B001016D0 /* Alamofire_Example.xcdatamodel */,
			);
			currentVersion = 3A6E79102105024B001016D0 /* Alamofire_Example.xcdatamodel */;
			path = Alamofire_Example.xcdatamodeld;
			sourceTree = "<group>";
			versionGroupType = wrapper.xcdatamodel;
		};
/* End XCVersionGroup section */
	};
	rootObject = 3A6E78FD2105024B001016D0 /* Project object */;
}
